
Microsoft Visual Studio Solution File, Format Version 12.00
# Visual Studio Version 16
VisualStudioVersion = 16.0.31112.23
MinimumVisualStudioVersion = 10.0.40219.1
Project("{FAE04EC0-301F-11D3-BF4B-00C04F79EFBC}") = "maskedtextbox", "maskedtextbox.csproj", "{2D69F947-488D-4953-840C-C0E19AC7B0EF}"
EndProject
Global
	GlobalSection(SolutionConfigurationPlatforms) = preSolution
		Debug|Any CPU = Debug|Any CPU
		Release|Any CPU = Release|Any CPU
	EndGlobalSection
	GlobalSection(ProjectConfigurationPlatforms) = postSolution
		{2D69F947-488D-4953-840C-C0E19AC7B0EF}.Debug|Any CPU.ActiveCfg = Debug|Any CPU
		{2D69F947-488D-4953-840C-C0E19AC7B0EF}.Debug|Any CPU.Build.0 = Debug|Any CPU
		{2D69F947-488D-4953-840C-C0E19AC7B0EF}.Release|Any CPU.ActiveCfg = Release|Any CPU
		{2D69F947-488D-4953-840C-C0E19AC7B0EF}.Release|Any CPU.Build.0 = Release|Any CPU
	EndGlobalSection
	GlobalSection(SolutionProperties) = preSolution
		HideSolutionNode = FALSE
	EndGlobalSection
	GlobalSection(ExtensibilityGlobals) = postSolution
		SolutionGuid = {D1415A4C-0C00-45AE-8D11-5565F6978F5C}
	EndGlobalSection
EndGlobal
